
Microsoft Visual Studio Solution File, Format Version 12.00
# Visual Studio Version 17
VisualStudioVersion = 17.14.36414.22 d17.14
MinimumVisualStudioVersion = 10.0.40219.1
Project("{FAE04EC0-301F-11D3-BF4B-00C04F79EFBC}") = "RollCall", "RollCall.csproj", "{F8C27088-7C26-4011-85C8-0155F69703E7}"
EndProject
Global
	GlobalSection(SolutionConfigurationPlatforms) = preSolution
		Debug|Any CPU = Debug|Any CPU
		Release|Any CPU = Release|Any CPU
	EndGlobalSection
	GlobalSection(ProjectConfigurationPlatforms) = postSolution
		{F8C27088-7C26-4011-85C8-0155F69703E7}.Debug|Any CPU.ActiveCfg = Debug|Any CPU
		{F8C27088-7C26-4011-85C8-0155F69703E7}.Debug|Any CPU.Build.0 = Debug|Any CPU
		{F8C27088-7C26-4011-85C8-0155F69703E7}.Release|Any CPU.ActiveCfg = Release|Any CPU
		{F8C27088-7C26-4011-85C8-0155F69703E7}.Release|Any CPU.Build.0 = Release|Any CPU
	EndGlobalSection
	GlobalSection(SolutionProperties) = preSolution
		HideSolutionNode = FALSE
	EndGlobalSection
	GlobalSection(ExtensibilityGlobals) = postSolution
		SolutionGuid = {1514D86C-B0A5-46EC-B608-0FC0B8446EA6}
	EndGlobalSection
EndGlobal
